
Microsoft Visual Studio Solution File, Format Version 12.00
# Visual Studio Version 16
VisualStudioVersion = 16.0.30804.86
MinimumVisualStudioVersion = 10.0.40219.1
Project("{9A19103F-16F7-4668-BE54-9A1E7A4F7556}") = "Excursion", "Excursion\Excursion.csproj", "{ACB1775F-00D5-4EC1-9335-751972DFA9F9}"
EndProject
Project("{9A19103F-16F7-4668-BE54-9A1E7A4F7556}") = "FootballKit", "FootballKit\FootballKit.csproj", "{A6281AFB-62EF-4D77-8F9F-A7F1997BE9D6}"
EndProject
Project("{9A19103F-16F7-4668-BE54-9A1E7A4F7556}") = "FinalCompetition", "FinalCompetition\FinalCompetition.csproj", "{7617EB08-A01A-42A0-AD19-2555A9B965A1}"
EndProject
Project("{9A19103F-16F7-4668-BE54-9A1E7A4F7556}") = "Exam", "Exam\Exam.csproj", "{06252C84-1AC4-4736-B928-08D322279CC3}"
EndProject
Project("{9A19103F-16F7-4668-BE54-9A1E7A4F7556}") = "BestPlayer", "BestPlayer\BestPlayer.csproj", "{C1BAC98B-DC56-4D2B-A765-040F788FF4DB}"
EndProject
Project("{9A19103F-16F7-4668-BE54-9A1E7A4F7556}") = "UniquePINCodes", "UniquePINCodes\UniquePINCodes.csproj", "{96539F77-961B-46FD-90B7-2584FE6501F5}"
EndProject
Project("{FAE04EC0-301F-11D3-BF4B-00C04F79EFBC}") = "Quiz", "Quiz\Quiz.csproj", "{FBC3B27F-DB82-4476-91E6-88CD6C0DD9E9}"
EndProject
Global
	GlobalSection(SolutionConfigurationPlatforms) = preSolution
		Debug|Any CPU = Debug|Any CPU
		Release|Any CPU = Release|Any CPU
	EndGlobalSection
	GlobalSection(ProjectConfigurationPlatforms) = postSolution
		{ACB1775F-00D5-4EC1-9335-751972DFA9F9}.Debug|Any CPU.ActiveCfg = Debug|Any CPU
		{ACB1775F-00D5-4EC1-9335-751972DFA9F9}.Debug|Any CPU.Build.0 = Debug|Any CPU
		{ACB1775F-00D5-4EC1-9335-751972DFA9F9}.Release|Any CPU.ActiveCfg = Release|Any CPU
		{ACB1775F-00D5-4EC1-9335-751972DFA9F9}.Release|Any CPU.Build.0 = Release|Any CPU
		{A6281AFB-62EF-4D77-8F9F-A7F1997BE9D6}.Debug|Any CPU.ActiveCfg = Debug|Any CPU
		{A6281AFB-62EF-4D77-8F9F-A7F1997BE9D6}.Debug|Any CPU.Build.0 = Debug|Any CPU
		{A6281AFB-62EF-4D77-8F9F-A7F1997BE9D6}.Release|Any CPU.ActiveCfg = Release|Any CPU
		{A6281AFB-62EF-4D77-8F9F-A7F1997BE9D6}.Release|Any CPU.Build.0 = Release|Any CPU
		{7617EB08-A01A-42A0-AD19-2555A9B965A1}.Debug|Any CPU.ActiveCfg = Debug|Any CPU
		{7617EB08-A01A-42A0-AD19-2555A9B965A1}.Debug|Any CPU.Build.0 = Debug|Any CPU
		{7617EB08-A01A-42A0-AD19-2555A9B965A1}.Release|Any CPU.ActiveCfg = Release|Any CPU
		{7617EB08-A01A-42A0-AD19-2555A9B965A1}.Release|Any CPU.Build.0 = Release|Any CPU
		{06252C84-1AC4-4736-B928-08D322279CC3}.Debug|Any CPU.ActiveCfg = Debug|Any CPU
		{06252C84-1AC4-4736-B928-08D322279CC3}.Debug|Any CPU.Build.0 = Debug|Any CPU
		{06252C84-1AC4-4736-B928-08D322279CC3}.Release|Any CPU.ActiveCfg = Release|Any CPU
		{06252C84-1AC4-4736-B928-08D322279CC3}.Release|Any CPU.Build.0 = Release|Any CPU
		{C1BAC98B-DC56-4D2B-A765-040F788FF4DB}.Debug|Any CPU.ActiveCfg = Debug|Any CPU
		{C1BAC98B-DC56-4D2B-A765-040F788FF4DB}.Debug|Any CPU.Build.0 = Debug|Any CPU
		{C1BAC98B-DC56-4D2B-A765-040F788FF4DB}.Release|Any CPU.ActiveCfg = Release|Any CPU
		{C1BAC98B-DC56-4D2B-A765-040F788FF4DB}.Release|Any CPU.Build.0 = Release|Any CPU
		{96539F77-961B-46FD-90B7-2584FE6501F5}.Debug|Any CPU.ActiveCfg = Debug|Any CPU
		{96539F77-961B-46FD-90B7-2584FE6501F5}.Debug|Any CPU.Build.0 = Debug|Any CPU
		{96539F77-961B-46FD-90B7-2584FE6501F5}.Release|Any CPU.ActiveCfg = Release|Any CPU
		{96539F77-961B-46FD-90B7-2584FE6501F5}.Release|Any CPU.Build.0 = Release|Any CPU
		{FBC3B27F-DB82-4476-91E6-88CD6C0DD9E9}.Debug|Any CPU.ActiveCfg = Debug|Any CPU
		{FBC3B27F-DB82-4476-91E6-88CD6C0DD9E9}.Debug|Any CPU.Build.0 = Debug|Any CPU
		{FBC3B27F-DB82-4476-91E6-88CD6C0DD9E9}.Release|Any CPU.ActiveCfg = Release|Any CPU
		{FBC3B27F-DB82-4476-91E6-88CD6C0DD9E9}.Release|Any CPU.Build.0 = Release|Any CPU
	EndGlobalSection
	GlobalSection(SolutionProperties) = preSolution
		HideSolutionNode = FALSE
	EndGlobalSection
	GlobalSection(ExtensibilityGlobals) = postSolution
		SolutionGuid = {0211C1C5-690D-4B60-82C4-F5B1E5D21044}
	EndGlobalSection
EndGlobal
