
Microsoft Visual Studio Solution File, Format Version 12.00
# Visual Studio Version 16
VisualStudioVersion = 16.0.30804.86
MinimumVisualStudioVersion = 10.0.40219.1
Project("{9A19103F-16F7-4668-BE54-9A1E7A4F7556}") = "DateAfter5Days", "DateAfter5Days\DateAfter5Days.csproj", "{9CFFADC0-84B2-44F6-94CA-7A0FB7D82171}"
EndProject
Project("{9A19103F-16F7-4668-BE54-9A1E7A4F7556}") = "Sums3Numbers", "Sums3Numbers\Sums3Numbers.csproj", "{77664653-DDEA-4F37-A4E9-2AD5800CFDA6}"
EndProject
Project("{9A19103F-16F7-4668-BE54-9A1E7A4F7556}") = "SumsStep3", "SumsStep3\SumsStep3.csproj", "{C318F7EE-3937-44F1-91B9-22C59A2EDE2E}"
EndProject
Project("{9A19103F-16F7-4668-BE54-9A1E7A4F7556}") = "IncreasingElements", "IncreasingElements\IncreasingElements.csproj", "{CEFC1BC8-5361-4DB3-9FF6-657E042A06E8}"
EndProject
Project("{9A19103F-16F7-4668-BE54-9A1E7A4F7556}") = "PerfectDiamond", "PerfectDiamond\PerfectDiamond.csproj", "{0FC8AE30-0C09-491E-96FE-936A6B4D616D}"
EndProject
Project("{9A19103F-16F7-4668-BE54-9A1E7A4F7556}") = "RectangleWithStars", "RectangleWithStars\RectangleWithStars.csproj", "{EDB3A082-B1B7-4178-9808-E1C8D8072BE5}"
EndProject
Project("{9A19103F-16F7-4668-BE54-9A1E7A4F7556}") = "Increasing4Numbers", "Increasing4Numbers\Increasing4Numbers.csproj", "{DFF8168A-CC03-42EA-897E-9D9860F61EFE}"
EndProject
Project("{9A19103F-16F7-4668-BE54-9A1E7A4F7556}") = "GenerateRectangles", "GenerateRectangles\GenerateRectangles.csproj", "{15A90E74-1E69-4F9C-9275-12BEC041D6EA}"
EndProject
Project("{9A19103F-16F7-4668-BE54-9A1E7A4F7556}") = "TrapezoidArea", "Distance\TrapezoidArea.csproj", "{8E6F8861-97D3-4E38-B50D-C17C3967EDA1}"
EndProject
Project("{9A19103F-16F7-4668-BE54-9A1E7A4F7556}") = "TriangleArea", "TriangleArea\TriangleArea.csproj", "{0497908F-3F63-4B6E-8692-1C77E1F36E3C}"
EndProject
Project("{9A19103F-16F7-4668-BE54-9A1E7A4F7556}") = "Distance", "CelsiusToFahrenheit\Distance.csproj", "{A3E121CC-EF44-4DFD-B13A-140E78BFFDF5}"
EndProject
Project("{9A19103F-16F7-4668-BE54-9A1E7A4F7556}") = "ChangeTiles", "ChangeTiles\ChangeTiles.csproj", "{B178E1B1-B8D8-4E1B-A5FA-9589860704F4}"
EndProject
Project("{FAE04EC0-301F-11D3-BF4B-00C04F79EFBC}") = "FlowersShop", "FlowersShop\FlowersShop.csproj", "{A0C4798B-0FC1-47EF-93DC-119CEDA59A99}"
EndProject
Global
	GlobalSection(SolutionConfigurationPlatforms) = preSolution
		Debug|Any CPU = Debug|Any CPU
		Release|Any CPU = Release|Any CPU
	EndGlobalSection
	GlobalSection(ProjectConfigurationPlatforms) = postSolution
		{9CFFADC0-84B2-44F6-94CA-7A0FB7D82171}.Debug|Any CPU.ActiveCfg = Debug|Any CPU
		{9CFFADC0-84B2-44F6-94CA-7A0FB7D82171}.Debug|Any CPU.Build.0 = Debug|Any CPU
		{9CFFADC0-84B2-44F6-94CA-7A0FB7D82171}.Release|Any CPU.ActiveCfg = Release|Any CPU
		{9CFFADC0-84B2-44F6-94CA-7A0FB7D82171}.Release|Any CPU.Build.0 = Release|Any CPU
		{77664653-DDEA-4F37-A4E9-2AD5800CFDA6}.Debug|Any CPU.ActiveCfg = Debug|Any CPU
		{77664653-DDEA-4F37-A4E9-2AD5800CFDA6}.Debug|Any CPU.Build.0 = Debug|Any CPU
		{77664653-DDEA-4F37-A4E9-2AD5800CFDA6}.Release|Any CPU.ActiveCfg = Release|Any CPU
		{77664653-DDEA-4F37-A4E9-2AD5800CFDA6}.Release|Any CPU.Build.0 = Release|Any CPU
		{C318F7EE-3937-44F1-91B9-22C59A2EDE2E}.Debug|Any CPU.ActiveCfg = Debug|Any CPU
		{C318F7EE-3937-44F1-91B9-22C59A2EDE2E}.Debug|Any CPU.Build.0 = Debug|Any CPU
		{C318F7EE-3937-44F1-91B9-22C59A2EDE2E}.Release|Any CPU.ActiveCfg = Release|Any CPU
		{C318F7EE-3937-44F1-91B9-22C59A2EDE2E}.Release|Any CPU.Build.0 = Release|Any CPU
		{CEFC1BC8-5361-4DB3-9FF6-657E042A06E8}.Debug|Any CPU.ActiveCfg = Debug|Any CPU
		{CEFC1BC8-5361-4DB3-9FF6-657E042A06E8}.Debug|Any CPU.Build.0 = Debug|Any CPU
		{CEFC1BC8-5361-4DB3-9FF6-657E042A06E8}.Release|Any CPU.ActiveCfg = Release|Any CPU
		{CEFC1BC8-5361-4DB3-9FF6-657E042A06E8}.Release|Any CPU.Build.0 = Release|Any CPU
		{0FC8AE30-0C09-491E-96FE-936A6B4D616D}.Debug|Any CPU.ActiveCfg = Debug|Any CPU
		{0FC8AE30-0C09-491E-96FE-936A6B4D616D}.Debug|Any CPU.Build.0 = Debug|Any CPU
		{0FC8AE30-0C09-491E-96FE-936A6B4D616D}.Release|Any CPU.ActiveCfg = Release|Any CPU
		{0FC8AE30-0C09-491E-96FE-936A6B4D616D}.Release|Any CPU.Build.0 = Release|Any CPU
		{EDB3A082-B1B7-4178-9808-E1C8D8072BE5}.Debug|Any CPU.ActiveCfg = Debug|Any CPU
		{EDB3A082-B1B7-4178-9808-E1C8D8072BE5}.Debug|Any CPU.Build.0 = Debug|Any CPU
		{EDB3A082-B1B7-4178-9808-E1C8D8072BE5}.Release|Any CPU.ActiveCfg = Release|Any CPU
		{EDB3A082-B1B7-4178-9808-E1C8D8072BE5}.Release|Any CPU.Build.0 = Release|Any CPU
		{DFF8168A-CC03-42EA-897E-9D9860F61EFE}.Debug|Any CPU.ActiveCfg = Debug|Any CPU
		{DFF8168A-CC03-42EA-897E-9D9860F61EFE}.Debug|Any CPU.Build.0 = Debug|Any CPU
		{DFF8168A-CC03-42EA-897E-9D9860F61EFE}.Release|Any CPU.ActiveCfg = Release|Any CPU
		{DFF8168A-CC03-42EA-897E-9D9860F61EFE}.Release|Any CPU.Build.0 = Release|Any CPU
		{15A90E74-1E69-4F9C-9275-12BEC041D6EA}.Debug|Any CPU.ActiveCfg = Debug|Any CPU
		{15A90E74-1E69-4F9C-9275-12BEC041D6EA}.Debug|Any CPU.Build.0 = Debug|Any CPU
		{15A90E74-1E69-4F9C-9275-12BEC041D6EA}.Release|Any CPU.ActiveCfg = Release|Any CPU
		{15A90E74-1E69-4F9C-9275-12BEC041D6EA}.Release|Any CPU.Build.0 = Release|Any CPU
		{8E6F8861-97D3-4E38-B50D-C17C3967EDA1}.Debug|Any CPU.ActiveCfg = Debug|Any CPU
		{8E6F8861-97D3-4E38-B50D-C17C3967EDA1}.Debug|Any CPU.Build.0 = Debug|Any CPU
		{8E6F8861-97D3-4E38-B50D-C17C3967EDA1}.Release|Any CPU.ActiveCfg = Release|Any CPU
		{8E6F8861-97D3-4E38-B50D-C17C3967EDA1}.Release|Any CPU.Build.0 = Release|Any CPU
		{0497908F-3F63-4B6E-8692-1C77E1F36E3C}.Debug|Any CPU.ActiveCfg = Debug|Any CPU
		{0497908F-3F63-4B6E-8692-1C77E1F36E3C}.Debug|Any CPU.Build.0 = Debug|Any CPU
		{0497908F-3F63-4B6E-8692-1C77E1F36E3C}.Release|Any CPU.ActiveCfg = Release|Any CPU
		{0497908F-3F63-4B6E-8692-1C77E1F36E3C}.Release|Any CPU.Build.0 = Release|Any CPU
		{A3E121CC-EF44-4DFD-B13A-140E78BFFDF5}.Debug|Any CPU.ActiveCfg = Debug|Any CPU
		{A3E121CC-EF44-4DFD-B13A-140E78BFFDF5}.Debug|Any CPU.Build.0 = Debug|Any CPU
		{A3E121CC-EF44-4DFD-B13A-140E78BFFDF5}.Release|Any CPU.ActiveCfg = Release|Any CPU
		{A3E121CC-EF44-4DFD-B13A-140E78BFFDF5}.Release|Any CPU.Build.0 = Release|Any CPU
		{B178E1B1-B8D8-4E1B-A5FA-9589860704F4}.Debug|Any CPU.ActiveCfg = Debug|Any CPU
		{B178E1B1-B8D8-4E1B-A5FA-9589860704F4}.Debug|Any CPU.Build.0 = Debug|Any CPU
		{B178E1B1-B8D8-4E1B-A5FA-9589860704F4}.Release|Any CPU.ActiveCfg = Release|Any CPU
		{B178E1B1-B8D8-4E1B-A5FA-9589860704F4}.Release|Any CPU.Build.0 = Release|Any CPU
		{A0C4798B-0FC1-47EF-93DC-119CEDA59A99}.Debug|Any CPU.ActiveCfg = Debug|Any CPU
		{A0C4798B-0FC1-47EF-93DC-119CEDA59A99}.Debug|Any CPU.Build.0 = Debug|Any CPU
		{A0C4798B-0FC1-47EF-93DC-119CEDA59A99}.Release|Any CPU.ActiveCfg = Release|Any CPU
		{A0C4798B-0FC1-47EF-93DC-119CEDA59A99}.Release|Any CPU.Build.0 = Release|Any CPU
	EndGlobalSection
	GlobalSection(SolutionProperties) = preSolution
		HideSolutionNode = FALSE
	EndGlobalSection
	GlobalSection(ExtensibilityGlobals) = postSolution
		SolutionGuid = {1E9577F2-507B-49CA-BC46-4DD807727E89}
	EndGlobalSection
EndGlobal
