
Microsoft Visual Studio Solution File, Format Version 12.00
# Visual Studio Version 16
VisualStudioVersion = 16.0.30804.86
MinimumVisualStudioVersion = 10.0.40219.1
Project("{9A19103F-16F7-4668-BE54-9A1E7A4F7556}") = "Square area", "Square area\Square area.csproj", "{B370C839-C4F6-47B1-8CC2-BE36FFED63A1}"
EndProject
Project("{9A19103F-16F7-4668-BE54-9A1E7A4F7556}") = "Inches to Centimeters", "Inches to Centimeters\Inches to Centimeters.csproj", "{E59C1F7C-C826-4B0B-A715-5B468F58FF20}"
EndProject
Project("{9A19103F-16F7-4668-BE54-9A1E7A4F7556}") = "Hello!", "Hello!\Hello!.csproj", "{1A97BB04-35BF-48A6-95D7-F62041CF36E9}"
EndProject
Project("{9A19103F-16F7-4668-BE54-9A1E7A4F7556}") = "Text and numbers", "Text and numbers\Text and numbers.csproj", "{200F4C98-2039-4484-870B-757991F13199}"
EndProject
Project("{9A19103F-16F7-4668-BE54-9A1E7A4F7556}") = "Trapezoid - Area", "Trapezoid - Area\Trapezoid - Area.csproj", "{578FA905-0BFC-41EB-A26E-C0C06D167F2D}"
EndProject
Project("{9A19103F-16F7-4668-BE54-9A1E7A4F7556}") = "Circle - Perimeter and Area", "Circle - Perimeter and Area\Circle - Perimeter and Area.csproj", "{0F39BA85-C8F5-4F4D-ADA9-902F2AE7528B}"
EndProject
Project("{9A19103F-16F7-4668-BE54-9A1E7A4F7556}") = "Rectangle area", "Rectangle area\Rectangle area.csproj", "{218AC2B1-55E4-4387-B8CC-6BB7215CF158}"
EndProject
Project("{9A19103F-16F7-4668-BE54-9A1E7A4F7556}") = "Triangle area", "Triangle area\Triangle area.csproj", "{93EAB66A-7BA0-4EA8-B9D1-AED17FDFBB86}"
EndProject
Project("{9A19103F-16F7-4668-BE54-9A1E7A4F7556}") = "Celsius - Fahrenheit", "Celsius - Farenheit\Celsius - Fahrenheit.csproj", "{112C90B8-AE6D-4856-B4A1-00156161BAE9}"
EndProject
Project("{9A19103F-16F7-4668-BE54-9A1E7A4F7556}") = "Radians to Degrees", "Radians to Degrees\Radians to Degrees.csproj", "{DEB12A77-A08E-48AA-90F7-100A34484354}"
EndProject
Project("{9A19103F-16F7-4668-BE54-9A1E7A4F7556}") = "USD - BGN", "USD - BGN\USD - BGN.csproj", "{10C8BE09-03F8-4B24-B705-0B47471243AA}"
EndProject
Project("{FAE04EC0-301F-11D3-BF4B-00C04F79EFBC}") = "BGN to EUR", "BGN to EUR\BGN to EUR.csproj", "{863CDBEB-AFBB-4B30-B06C-A02E0F5BBEBB}"
EndProject
Project("{9A19103F-16F7-4668-BE54-9A1E7A4F7556}") = "BGN, USD, EUR, GBP", "If\BGN, USD, EUR, GBP.csproj", "{AD598AB7-C87C-4523-8007-E7F3A6B04847}"
EndProject
Project("{9A19103F-16F7-4668-BE54-9A1E7A4F7556}") = "1-9 in English", "1-9 in English\1-9 in English.csproj", "{2C6F0A45-8CA3-4EEE-AFA0-5717EAFD5E11}"
EndProject
Project("{9A19103F-16F7-4668-BE54-9A1E7A4F7556}") = "Even - Odd", "Even - Odd\Even - Odd.csproj", "{95341931-7BEC-4962-8B29-5429B3341278}"
EndProject
Project("{9A19103F-16F7-4668-BE54-9A1E7A4F7556}") = "Which number is bigger", "Which number is bigger\Which number is bigger.csproj", "{5601BF02-436B-47EC-BFBF-8D1BAEDBD7E8}"
EndProject
Project("{9A19103F-16F7-4668-BE54-9A1E7A4F7556}") = "Bonus points", "Bonus points\Bonus points.csproj", "{EE4BD67E-947B-4EAB-88DB-86EC46BECD92}"
EndProject
Project("{9A19103F-16F7-4668-BE54-9A1E7A4F7556}") = "Test", "Test\Test.csproj", "{0FCBA201-90FA-43CA-BCA1-B39B2CAE664E}"
EndProject
Project("{9A19103F-16F7-4668-BE54-9A1E7A4F7556}") = "Sum seconds", "Sum seconds\Sum seconds.csproj", "{EDBAF424-0039-489A-8F51-395EBBC885BF}"
EndProject
Project("{9A19103F-16F7-4668-BE54-9A1E7A4F7556}") = "Metric Converter", "Metric Converter\Metric Converter.csproj", "{233D0CE2-23C3-40E0-A9E0-2A40974C42AA}"
EndProject
Project("{9A19103F-16F7-4668-BE54-9A1E7A4F7556}") = "ConcatenateData", "ConcatenateData\ConcatenateData.csproj", "{B22B718C-0CAD-4EB1-B565-65072E8ACEB6}"
EndProject
Project("{9A19103F-16F7-4668-BE54-9A1E7A4F7556}") = "ProjectsCreation", "ProjectsCreation\ProjectsCreation.csproj", "{2E751DC4-C361-4A15-8471-1429AA799262}"
EndProject
Project("{9A19103F-16F7-4668-BE54-9A1E7A4F7556}") = "PetShop", "PetShop\PetShop.csproj", "{45B0A74F-FD0F-416C-B635-A7112EE7EE5E}"
EndProject
Project("{9A19103F-16F7-4668-BE54-9A1E7A4F7556}") = "YardGreening", "YardGreening\YardGreening.csproj", "{430904AE-DBF4-40D7-A094-148884C33880}"
EndProject
Project("{9A19103F-16F7-4668-BE54-9A1E7A4F7556}") = "DepositCalculator", "DepositCalculator\DepositCalculator.csproj", "{A11B8B44-FC4C-4F13-ABE3-B185AAFCB01F}"
EndProject
Project("{9A19103F-16F7-4668-BE54-9A1E7A4F7556}") = "VacationBooksList", "VacationBooksList\VacationBooksList.csproj", "{B73873F1-1741-4CC2-B9C0-764EAE2D5489}"
EndProject
Project("{9A19103F-16F7-4668-BE54-9A1E7A4F7556}") = "BirthdayParty", "BirthdayParty\BirthdayParty.csproj", "{FD0B37D3-1BE1-42A2-9B66-453DAF685D6A}"
EndProject
Project("{9A19103F-16F7-4668-BE54-9A1E7A4F7556}") = "CharityCampaign", "CharityCompain\CharityCampaign.csproj", "{AA95ABA1-700A-4D8C-BA60-494AE4B981E9}"
EndProject
Project("{9A19103F-16F7-4668-BE54-9A1E7A4F7556}") = "FruitMarket", "FruitMarket\FruitMarket.csproj", "{BA19AD83-6B14-43C9-A1D4-5B932D28C17A}"
EndProject
Project("{FAE04EC0-301F-11D3-BF4B-00C04F79EFBC}") = "FishTank", "FishTank\FishTank.csproj", "{51969960-60E2-4B45-B24C-360E911D5001}"
EndProject
Global
	GlobalSection(SolutionConfigurationPlatforms) = preSolution
		Debug|Any CPU = Debug|Any CPU
		Release|Any CPU = Release|Any CPU
	EndGlobalSection
	GlobalSection(ProjectConfigurationPlatforms) = postSolution
		{B370C839-C4F6-47B1-8CC2-BE36FFED63A1}.Debug|Any CPU.ActiveCfg = Debug|Any CPU
		{B370C839-C4F6-47B1-8CC2-BE36FFED63A1}.Debug|Any CPU.Build.0 = Debug|Any CPU
		{B370C839-C4F6-47B1-8CC2-BE36FFED63A1}.Release|Any CPU.ActiveCfg = Release|Any CPU
		{B370C839-C4F6-47B1-8CC2-BE36FFED63A1}.Release|Any CPU.Build.0 = Release|Any CPU
		{E59C1F7C-C826-4B0B-A715-5B468F58FF20}.Debug|Any CPU.ActiveCfg = Debug|Any CPU
		{E59C1F7C-C826-4B0B-A715-5B468F58FF20}.Debug|Any CPU.Build.0 = Debug|Any CPU
		{E59C1F7C-C826-4B0B-A715-5B468F58FF20}.Release|Any CPU.ActiveCfg = Release|Any CPU
		{E59C1F7C-C826-4B0B-A715-5B468F58FF20}.Release|Any CPU.Build.0 = Release|Any CPU
		{1A97BB04-35BF-48A6-95D7-F62041CF36E9}.Debug|Any CPU.ActiveCfg = Debug|Any CPU
		{1A97BB04-35BF-48A6-95D7-F62041CF36E9}.Debug|Any CPU.Build.0 = Debug|Any CPU
		{1A97BB04-35BF-48A6-95D7-F62041CF36E9}.Release|Any CPU.ActiveCfg = Release|Any CPU
		{1A97BB04-35BF-48A6-95D7-F62041CF36E9}.Release|Any CPU.Build.0 = Release|Any CPU
		{200F4C98-2039-4484-870B-757991F13199}.Debug|Any CPU.ActiveCfg = Debug|Any CPU
		{200F4C98-2039-4484-870B-757991F13199}.Debug|Any CPU.Build.0 = Debug|Any CPU
		{200F4C98-2039-4484-870B-757991F13199}.Release|Any CPU.ActiveCfg = Release|Any CPU
		{200F4C98-2039-4484-870B-757991F13199}.Release|Any CPU.Build.0 = Release|Any CPU
		{578FA905-0BFC-41EB-A26E-C0C06D167F2D}.Debug|Any CPU.ActiveCfg = Debug|Any CPU
		{578FA905-0BFC-41EB-A26E-C0C06D167F2D}.Debug|Any CPU.Build.0 = Debug|Any CPU
		{578FA905-0BFC-41EB-A26E-C0C06D167F2D}.Release|Any CPU.ActiveCfg = Release|Any CPU
		{578FA905-0BFC-41EB-A26E-C0C06D167F2D}.Release|Any CPU.Build.0 = Release|Any CPU
		{0F39BA85-C8F5-4F4D-ADA9-902F2AE7528B}.Debug|Any CPU.ActiveCfg = Debug|Any CPU
		{0F39BA85-C8F5-4F4D-ADA9-902F2AE7528B}.Debug|Any CPU.Build.0 = Debug|Any CPU
		{0F39BA85-C8F5-4F4D-ADA9-902F2AE7528B}.Release|Any CPU.ActiveCfg = Release|Any CPU
		{0F39BA85-C8F5-4F4D-ADA9-902F2AE7528B}.Release|Any CPU.Build.0 = Release|Any CPU
		{218AC2B1-55E4-4387-B8CC-6BB7215CF158}.Debug|Any CPU.ActiveCfg = Debug|Any CPU
		{218AC2B1-55E4-4387-B8CC-6BB7215CF158}.Debug|Any CPU.Build.0 = Debug|Any CPU
		{218AC2B1-55E4-4387-B8CC-6BB7215CF158}.Release|Any CPU.ActiveCfg = Release|Any CPU
		{218AC2B1-55E4-4387-B8CC-6BB7215CF158}.Release|Any CPU.Build.0 = Release|Any CPU
		{93EAB66A-7BA0-4EA8-B9D1-AED17FDFBB86}.Debug|Any CPU.ActiveCfg = Debug|Any CPU
		{93EAB66A-7BA0-4EA8-B9D1-AED17FDFBB86}.Debug|Any CPU.Build.0 = Debug|Any CPU
		{93EAB66A-7BA0-4EA8-B9D1-AED17FDFBB86}.Release|Any CPU.ActiveCfg = Release|Any CPU
		{93EAB66A-7BA0-4EA8-B9D1-AED17FDFBB86}.Release|Any CPU.Build.0 = Release|Any CPU
		{112C90B8-AE6D-4856-B4A1-00156161BAE9}.Debug|Any CPU.ActiveCfg = Debug|Any CPU
		{112C90B8-AE6D-4856-B4A1-00156161BAE9}.Debug|Any CPU.Build.0 = Debug|Any CPU
		{112C90B8-AE6D-4856-B4A1-00156161BAE9}.Release|Any CPU.ActiveCfg = Release|Any CPU
		{112C90B8-AE6D-4856-B4A1-00156161BAE9}.Release|Any CPU.Build.0 = Release|Any CPU
		{DEB12A77-A08E-48AA-90F7-100A34484354}.Debug|Any CPU.ActiveCfg = Debug|Any CPU
		{DEB12A77-A08E-48AA-90F7-100A34484354}.Debug|Any CPU.Build.0 = Debug|Any CPU
		{DEB12A77-A08E-48AA-90F7-100A34484354}.Release|Any CPU.ActiveCfg = Release|Any CPU
		{DEB12A77-A08E-48AA-90F7-100A34484354}.Release|Any CPU.Build.0 = Release|Any CPU
		{10C8BE09-03F8-4B24-B705-0B47471243AA}.Debug|Any CPU.ActiveCfg = Debug|Any CPU
		{10C8BE09-03F8-4B24-B705-0B47471243AA}.Debug|Any CPU.Build.0 = Debug|Any CPU
		{10C8BE09-03F8-4B24-B705-0B47471243AA}.Release|Any CPU.ActiveCfg = Release|Any CPU
		{10C8BE09-03F8-4B24-B705-0B47471243AA}.Release|Any CPU.Build.0 = Release|Any CPU
		{863CDBEB-AFBB-4B30-B06C-A02E0F5BBEBB}.Debug|Any CPU.ActiveCfg = Debug|Any CPU
		{863CDBEB-AFBB-4B30-B06C-A02E0F5BBEBB}.Debug|Any CPU.Build.0 = Debug|Any CPU
		{863CDBEB-AFBB-4B30-B06C-A02E0F5BBEBB}.Release|Any CPU.ActiveCfg = Release|Any CPU
		{863CDBEB-AFBB-4B30-B06C-A02E0F5BBEBB}.Release|Any CPU.Build.0 = Release|Any CPU
		{AD598AB7-C87C-4523-8007-E7F3A6B04847}.Debug|Any CPU.ActiveCfg = Debug|Any CPU
		{AD598AB7-C87C-4523-8007-E7F3A6B04847}.Debug|Any CPU.Build.0 = Debug|Any CPU
		{AD598AB7-C87C-4523-8007-E7F3A6B04847}.Release|Any CPU.ActiveCfg = Release|Any CPU
		{AD598AB7-C87C-4523-8007-E7F3A6B04847}.Release|Any CPU.Build.0 = Release|Any CPU
		{2C6F0A45-8CA3-4EEE-AFA0-5717EAFD5E11}.Debug|Any CPU.ActiveCfg = Debug|Any CPU
		{2C6F0A45-8CA3-4EEE-AFA0-5717EAFD5E11}.Debug|Any CPU.Build.0 = Debug|Any CPU
		{2C6F0A45-8CA3-4EEE-AFA0-5717EAFD5E11}.Release|Any CPU.ActiveCfg = Release|Any CPU
		{2C6F0A45-8CA3-4EEE-AFA0-5717EAFD5E11}.Release|Any CPU.Build.0 = Release|Any CPU
		{95341931-7BEC-4962-8B29-5429B3341278}.Debug|Any CPU.ActiveCfg = Debug|Any CPU
		{95341931-7BEC-4962-8B29-5429B3341278}.Debug|Any CPU.Build.0 = Debug|Any CPU
		{95341931-7BEC-4962-8B29-5429B3341278}.Release|Any CPU.ActiveCfg = Release|Any CPU
		{95341931-7BEC-4962-8B29-5429B3341278}.Release|Any CPU.Build.0 = Release|Any CPU
		{5601BF02-436B-47EC-BFBF-8D1BAEDBD7E8}.Debug|Any CPU.ActiveCfg = Debug|Any CPU
		{5601BF02-436B-47EC-BFBF-8D1BAEDBD7E8}.Debug|Any CPU.Build.0 = Debug|Any CPU
		{5601BF02-436B-47EC-BFBF-8D1BAEDBD7E8}.Release|Any CPU.ActiveCfg = Release|Any CPU
		{5601BF02-436B-47EC-BFBF-8D1BAEDBD7E8}.Release|Any CPU.Build.0 = Release|Any CPU
		{EE4BD67E-947B-4EAB-88DB-86EC46BECD92}.Debug|Any CPU.ActiveCfg = Debug|Any CPU
		{EE4BD67E-947B-4EAB-88DB-86EC46BECD92}.Debug|Any CPU.Build.0 = Debug|Any CPU
		{EE4BD67E-947B-4EAB-88DB-86EC46BECD92}.Release|Any CPU.ActiveCfg = Release|Any CPU
		{EE4BD67E-947B-4EAB-88DB-86EC46BECD92}.Release|Any CPU.Build.0 = Release|Any CPU
		{0FCBA201-90FA-43CA-BCA1-B39B2CAE664E}.Debug|Any CPU.ActiveCfg = Debug|Any CPU
		{0FCBA201-90FA-43CA-BCA1-B39B2CAE664E}.Debug|Any CPU.Build.0 = Debug|Any CPU
		{0FCBA201-90FA-43CA-BCA1-B39B2CAE664E}.Release|Any CPU.ActiveCfg = Release|Any CPU
		{0FCBA201-90FA-43CA-BCA1-B39B2CAE664E}.Release|Any CPU.Build.0 = Release|Any CPU
		{EDBAF424-0039-489A-8F51-395EBBC885BF}.Debug|Any CPU.ActiveCfg = Debug|Any CPU
		{EDBAF424-0039-489A-8F51-395EBBC885BF}.Debug|Any CPU.Build.0 = Debug|Any CPU
		{EDBAF424-0039-489A-8F51-395EBBC885BF}.Release|Any CPU.ActiveCfg = Release|Any CPU
		{EDBAF424-0039-489A-8F51-395EBBC885BF}.Release|Any CPU.Build.0 = Release|Any CPU
		{233D0CE2-23C3-40E0-A9E0-2A40974C42AA}.Debug|Any CPU.ActiveCfg = Debug|Any CPU
		{233D0CE2-23C3-40E0-A9E0-2A40974C42AA}.Debug|Any CPU.Build.0 = Debug|Any CPU
		{233D0CE2-23C3-40E0-A9E0-2A40974C42AA}.Release|Any CPU.ActiveCfg = Release|Any CPU
		{233D0CE2-23C3-40E0-A9E0-2A40974C42AA}.Release|Any CPU.Build.0 = Release|Any CPU
		{B22B718C-0CAD-4EB1-B565-65072E8ACEB6}.Debug|Any CPU.ActiveCfg = Debug|Any CPU
		{B22B718C-0CAD-4EB1-B565-65072E8ACEB6}.Debug|Any CPU.Build.0 = Debug|Any CPU
		{B22B718C-0CAD-4EB1-B565-65072E8ACEB6}.Release|Any CPU.ActiveCfg = Release|Any CPU
		{B22B718C-0CAD-4EB1-B565-65072E8ACEB6}.Release|Any CPU.Build.0 = Release|Any CPU
		{2E751DC4-C361-4A15-8471-1429AA799262}.Debug|Any CPU.ActiveCfg = Debug|Any CPU
		{2E751DC4-C361-4A15-8471-1429AA799262}.Debug|Any CPU.Build.0 = Debug|Any CPU
		{2E751DC4-C361-4A15-8471-1429AA799262}.Release|Any CPU.ActiveCfg = Release|Any CPU
		{2E751DC4-C361-4A15-8471-1429AA799262}.Release|Any CPU.Build.0 = Release|Any CPU
		{45B0A74F-FD0F-416C-B635-A7112EE7EE5E}.Debug|Any CPU.ActiveCfg = Debug|Any CPU
		{45B0A74F-FD0F-416C-B635-A7112EE7EE5E}.Debug|Any CPU.Build.0 = Debug|Any CPU
		{45B0A74F-FD0F-416C-B635-A7112EE7EE5E}.Release|Any CPU.ActiveCfg = Release|Any CPU
		{45B0A74F-FD0F-416C-B635-A7112EE7EE5E}.Release|Any CPU.Build.0 = Release|Any CPU
		{430904AE-DBF4-40D7-A094-148884C33880}.Debug|Any CPU.ActiveCfg = Debug|Any CPU
		{430904AE-DBF4-40D7-A094-148884C33880}.Debug|Any CPU.Build.0 = Debug|Any CPU
		{430904AE-DBF4-40D7-A094-148884C33880}.Release|Any CPU.ActiveCfg = Release|Any CPU
		{430904AE-DBF4-40D7-A094-148884C33880}.Release|Any CPU.Build.0 = Release|Any CPU
		{A11B8B44-FC4C-4F13-ABE3-B185AAFCB01F}.Debug|Any CPU.ActiveCfg = Debug|Any CPU
		{A11B8B44-FC4C-4F13-ABE3-B185AAFCB01F}.Debug|Any CPU.Build.0 = Debug|Any CPU
		{A11B8B44-FC4C-4F13-ABE3-B185AAFCB01F}.Release|Any CPU.ActiveCfg = Release|Any CPU
		{A11B8B44-FC4C-4F13-ABE3-B185AAFCB01F}.Release|Any CPU.Build.0 = Release|Any CPU
		{B73873F1-1741-4CC2-B9C0-764EAE2D5489}.Debug|Any CPU.ActiveCfg = Debug|Any CPU
		{B73873F1-1741-4CC2-B9C0-764EAE2D5489}.Debug|Any CPU.Build.0 = Debug|Any CPU
		{B73873F1-1741-4CC2-B9C0-764EAE2D5489}.Release|Any CPU.ActiveCfg = Release|Any CPU
		{B73873F1-1741-4CC2-B9C0-764EAE2D5489}.Release|Any CPU.Build.0 = Release|Any CPU
		{FD0B37D3-1BE1-42A2-9B66-453DAF685D6A}.Debug|Any CPU.ActiveCfg = Debug|Any CPU
		{FD0B37D3-1BE1-42A2-9B66-453DAF685D6A}.Debug|Any CPU.Build.0 = Debug|Any CPU
		{FD0B37D3-1BE1-42A2-9B66-453DAF685D6A}.Release|Any CPU.ActiveCfg = Release|Any CPU
		{FD0B37D3-1BE1-42A2-9B66-453DAF685D6A}.Release|Any CPU.Build.0 = Release|Any CPU
		{AA95ABA1-700A-4D8C-BA60-494AE4B981E9}.Debug|Any CPU.ActiveCfg = Debug|Any CPU
		{AA95ABA1-700A-4D8C-BA60-494AE4B981E9}.Debug|Any CPU.Build.0 = Debug|Any CPU
		{AA95ABA1-700A-4D8C-BA60-494AE4B981E9}.Release|Any CPU.ActiveCfg = Release|Any CPU
		{AA95ABA1-700A-4D8C-BA60-494AE4B981E9}.Release|Any CPU.Build.0 = Release|Any CPU
		{BA19AD83-6B14-43C9-A1D4-5B932D28C17A}.Debug|Any CPU.ActiveCfg = Debug|Any CPU
		{BA19AD83-6B14-43C9-A1D4-5B932D28C17A}.Debug|Any CPU.Build.0 = Debug|Any CPU
		{BA19AD83-6B14-43C9-A1D4-5B932D28C17A}.Release|Any CPU.ActiveCfg = Release|Any CPU
		{BA19AD83-6B14-43C9-A1D4-5B932D28C17A}.Release|Any CPU.Build.0 = Release|Any CPU
		{51969960-60E2-4B45-B24C-360E911D5001}.Debug|Any CPU.ActiveCfg = Debug|Any CPU
		{51969960-60E2-4B45-B24C-360E911D5001}.Debug|Any CPU.Build.0 = Debug|Any CPU
		{51969960-60E2-4B45-B24C-360E911D5001}.Release|Any CPU.ActiveCfg = Release|Any CPU
		{51969960-60E2-4B45-B24C-360E911D5001}.Release|Any CPU.Build.0 = Release|Any CPU
	EndGlobalSection
	GlobalSection(SolutionProperties) = preSolution
		HideSolutionNode = FALSE
	EndGlobalSection
	GlobalSection(ExtensibilityGlobals) = postSolution
		SolutionGuid = {14A55697-6FDD-4518-88AC-C698457FDC0F}
	EndGlobalSection
EndGlobal
